
Microsoft Visual Studio Solution File, Format Version 12.00
# Visual Studio Version 16
VisualStudioVersion = 16.0.31025.194
MinimumVisualStudioVersion = 10.0.40219.1
Project("{9A19103F-16F7-4668-BE54-9A1E7A4F7556}") = "SharedLib", "SharedLib\SharedLib.csproj", "{FC2C76B0-35E7-4954-BDC6-AD9DBF03B52F}"
EndProject
Project("{FAE04EC0-301F-11D3-BF4B-00C04F79EFBC}") = "Common", "Common\Common.csproj", "{EB71C307-E029-40CA-A3A3-27B0BE27A8FE}"
EndProject
Global
	GlobalSection(SolutionConfigurationPlatforms) = preSolution
		Debug|Any CPU = Debug|Any CPU
		Release|Any CPU = Release|Any CPU
	EndGlobalSection
	GlobalSection(ProjectConfigurationPlatforms) = postSolution
		{FC2C76B0-35E7-4954-BDC6-AD9DBF03B52F}.Debug|Any CPU.ActiveCfg = Debug|Any CPU
		{FC2C76B0-35E7-4954-BDC6-AD9DBF03B52F}.Debug|Any CPU.Build.0 = Debug|Any CPU
		{FC2C76B0-35E7-4954-BDC6-AD9DBF03B52F}.Release|Any CPU.ActiveCfg = Release|Any CPU
		{FC2C76B0-35E7-4954-BDC6-AD9DBF03B52F}.Release|Any CPU.Build.0 = Release|Any CPU
		{EB71C307-E029-40CA-A3A3-27B0BE27A8FE}.Debug|Any CPU.ActiveCfg = Debug|Any CPU
		{EB71C307-E029-40CA-A3A3-27B0BE27A8FE}.Debug|Any CPU.Build.0 = Debug|Any CPU
		{EB71C307-E029-40CA-A3A3-27B0BE27A8FE}.Release|Any CPU.ActiveCfg = Release|Any CPU
		{EB71C307-E029-40CA-A3A3-27B0BE27A8FE}.Release|Any CPU.Build.0 = Release|Any CPU
	EndGlobalSection
	GlobalSection(SolutionProperties) = preSolution
		HideSolutionNode = FALSE
	EndGlobalSection
	GlobalSection(ExtensibilityGlobals) = postSolution
		SolutionGuid = {847BECBD-8116-474C-9DFA-8014AC68F2BE}
	EndGlobalSection
EndGlobal
